
Microsoft Visual Studio Solution File, Format Version 11.00
# Visual Studio 2010
Project("{FAE04EC0-301F-11D3-BF4B-00C04F79EFBC}") = "Golden Statue", "Golden Statue\Golden Statue\Golden Statue.csproj", "{B7A2B418-D65B-4359-BA95-C1E30893A30B}"
EndProject
Project("{96E2B04D-8817-42C6-938A-82C39BA4D311}") = "Golden StatueContent", "Golden Statue\Golden StatueContent\Golden StatueContent.contentproj", "{29DEF022-5751-4B02-AA53-29FC9EA76FF3}"
EndProject
Global
	GlobalSection(SolutionConfigurationPlatforms) = preSolution
		Debug|x86 = Debug|x86
		Release|x86 = Release|x86
	EndGlobalSection
	GlobalSection(ProjectConfigurationPlatforms) = postSolution
		{B7A2B418-D65B-4359-BA95-C1E30893A30B}.Debug|x86.ActiveCfg = Debug|x86
		{B7A2B418-D65B-4359-BA95-C1E30893A30B}.Debug|x86.Build.0 = Debug|x86
		{B7A2B418-D65B-4359-BA95-C1E30893A30B}.Release|x86.ActiveCfg = Release|x86
		{B7A2B418-D65B-4359-BA95-C1E30893A30B}.Release|x86.Build.0 = Release|x86
		{29DEF022-5751-4B02-AA53-29FC9EA76FF3}.Debug|x86.ActiveCfg = Debug|x86
		{29DEF022-5751-4B02-AA53-29FC9EA76FF3}.Release|x86.ActiveCfg = Release|x86
	EndGlobalSection
	GlobalSection(SolutionProperties) = preSolution
		HideSolutionNode = FALSE
	EndGlobalSection
EndGlobal
